
Microsoft Visual Studio Solution File, Format Version 12.00
# Visual Studio Version 17
VisualStudioVersion = 17.8.34309.116
MinimumVisualStudioVersion = 10.0.40219.1
Project("{9A19103F-16F7-4668-BE54-9A1E7A4F7556}") = "Ididit", "Ididit\Ididit.csproj", "{EB300DAE-CC72-4C0D-B93F-8E7719901F3D}"
EndProject
Project("{FAE04EC0-301F-11D3-BF4B-00C04F79EFBC}") = "Ididit.Blazor", "Ididit.Blazor\Ididit.Blazor.csproj", "{3CF485FC-FF40-438D-829C-2BB55A7646F5}"
EndProject
Project("{FAE04EC0-301F-11D3-BF4B-00C04F79EFBC}") = "Ididit.IndexedDB", "Ididit.IndexedDB\Ididit.IndexedDB.csproj", "{C1B727AE-C62B-4A93-BE98-3435BEC1025D}"
EndProject
Project("{FAE04EC0-301F-11D3-BF4B-00C04F79EFBC}") = "Ididit.LocalStorage", "Ididit.LocalStorage\Ididit.LocalStorage.csproj", "{77791CD1-2EDC-45CE-96FC-1ED391568B51}"
EndProject
Project("{FAE04EC0-301F-11D3-BF4B-00C04F79EFBC}") = "Ididit.EntityFrameworkCore", "Ididit.EntityFrameworkCore\Ididit.EntityFrameworkCore.csproj", "{A166BA91-F664-44CE-A741-EA110FC02258}"
EndProject
Project("{FAE04EC0-301F-11D3-BF4B-00C04F79EFBC}") = "Ididit.Blazor.Wasm", "Ididit.Blazor.Wasm\Ididit.Blazor.Wasm.csproj", "{40BD5EF3-6A17-49F2-87C3-BA119A51B545}"
EndProject
Project("{FAE04EC0-301F-11D3-BF4B-00C04F79EFBC}") = "Ididit.Blazor.Maui", "Ididit.Blazor.Maui\Ididit.Blazor.Maui.csproj", "{D0071377-3D33-41EE-A22F-586BDDE64A5E}"
EndProject
Project("{FAE04EC0-301F-11D3-BF4B-00C04F79EFBC}") = "Ididit.Blazor.WebView", "Ididit.Blazor.WebView\Ididit.Blazor.WebView.csproj", "{7D620792-F86D-4CFF-8D9C-51668FA08D6A}"
EndProject
Project("{FAE04EC0-301F-11D3-BF4B-00C04F79EFBC}") = "Ididit.Google.Apis", "Ididit.Google.Apis\Ididit.Google.Apis.csproj", "{F631C389-EECB-41E4-95AE-341C3CBF284F}"
EndProject
Global
	GlobalSection(SolutionConfigurationPlatforms) = preSolution
		Debug|Any CPU = Debug|Any CPU
		Release|Any CPU = Release|Any CPU
	EndGlobalSection
	GlobalSection(ProjectConfigurationPlatforms) = postSolution
		{EB300DAE-CC72-4C0D-B93F-8E7719901F3D}.Debug|Any CPU.ActiveCfg = Debug|Any CPU
		{EB300DAE-CC72-4C0D-B93F-8E7719901F3D}.Debug|Any CPU.Build.0 = Debug|Any CPU
		{EB300DAE-CC72-4C0D-B93F-8E7719901F3D}.Release|Any CPU.ActiveCfg = Release|Any CPU
		{EB300DAE-CC72-4C0D-B93F-8E7719901F3D}.Release|Any CPU.Build.0 = Release|Any CPU
		{3CF485FC-FF40-438D-829C-2BB55A7646F5}.Debug|Any CPU.ActiveCfg = Debug|Any CPU
		{3CF485FC-FF40-438D-829C-2BB55A7646F5}.Debug|Any CPU.Build.0 = Debug|Any CPU
		{3CF485FC-FF40-438D-829C-2BB55A7646F5}.Release|Any CPU.ActiveCfg = Release|Any CPU
		{3CF485FC-FF40-438D-829C-2BB55A7646F5}.Release|Any CPU.Build.0 = Release|Any CPU
		{C1B727AE-C62B-4A93-BE98-3435BEC1025D}.Debug|Any CPU.ActiveCfg = Debug|Any CPU
		{C1B727AE-C62B-4A93-BE98-3435BEC1025D}.Debug|Any CPU.Build.0 = Debug|Any CPU
		{C1B727AE-C62B-4A93-BE98-3435BEC1025D}.Release|Any CPU.ActiveCfg = Release|Any CPU
		{C1B727AE-C62B-4A93-BE98-3435BEC1025D}.Release|Any CPU.Build.0 = Release|Any CPU
		{77791CD1-2EDC-45CE-96FC-1ED391568B51}.Debug|Any CPU.ActiveCfg = Debug|Any CPU
		{77791CD1-2EDC-45CE-96FC-1ED391568B51}.Debug|Any CPU.Build.0 = Debug|Any CPU
		{77791CD1-2EDC-45CE-96FC-1ED391568B51}.Release|Any CPU.ActiveCfg = Release|Any CPU
		{77791CD1-2EDC-45CE-96FC-1ED391568B51}.Release|Any CPU.Build.0 = Release|Any CPU
		{A166BA91-F664-44CE-A741-EA110FC02258}.Debug|Any CPU.ActiveCfg = Debug|Any CPU
		{A166BA91-F664-44CE-A741-EA110FC02258}.Debug|Any CPU.Build.0 = Debug|Any CPU
		{A166BA91-F664-44CE-A741-EA110FC02258}.Release|Any CPU.ActiveCfg = Release|Any CPU
		{A166BA91-F664-44CE-A741-EA110FC02258}.Release|Any CPU.Build.0 = Release|Any CPU
		{40BD5EF3-6A17-49F2-87C3-BA119A51B545}.Debug|Any CPU.ActiveCfg = Debug|Any CPU
		{40BD5EF3-6A17-49F2-87C3-BA119A51B545}.Debug|Any CPU.Build.0 = Debug|Any CPU
		{40BD5EF3-6A17-49F2-87C3-BA119A51B545}.Release|Any CPU.ActiveCfg = Release|Any CPU
		{40BD5EF3-6A17-49F2-87C3-BA119A51B545}.Release|Any CPU.Build.0 = Release|Any CPU
		{D0071377-3D33-41EE-A22F-586BDDE64A5E}.Debug|Any CPU.ActiveCfg = Debug|Any CPU
		{D0071377-3D33-41EE-A22F-586BDDE64A5E}.Debug|Any CPU.Build.0 = Debug|Any CPU
		{D0071377-3D33-41EE-A22F-586BDDE64A5E}.Debug|Any CPU.Deploy.0 = Debug|Any CPU
		{D0071377-3D33-41EE-A22F-586BDDE64A5E}.Release|Any CPU.ActiveCfg = Release|Any CPU
		{D0071377-3D33-41EE-A22F-586BDDE64A5E}.Release|Any CPU.Build.0 = Release|Any CPU
		{D0071377-3D33-41EE-A22F-586BDDE64A5E}.Release|Any CPU.Deploy.0 = Release|Any CPU
		{7D620792-F86D-4CFF-8D9C-51668FA08D6A}.Debug|Any CPU.ActiveCfg = Debug|Any CPU
		{7D620792-F86D-4CFF-8D9C-51668FA08D6A}.Debug|Any CPU.Build.0 = Debug|Any CPU
		{7D620792-F86D-4CFF-8D9C-51668FA08D6A}.Release|Any CPU.ActiveCfg = Release|Any CPU
		{7D620792-F86D-4CFF-8D9C-51668FA08D6A}.Release|Any CPU.Build.0 = Release|Any CPU
		{F631C389-EECB-41E4-95AE-341C3CBF284F}.Debug|Any CPU.ActiveCfg = Debug|Any CPU
		{F631C389-EECB-41E4-95AE-341C3CBF284F}.Debug|Any CPU.Build.0 = Debug|Any CPU
		{F631C389-EECB-41E4-95AE-341C3CBF284F}.Release|Any CPU.ActiveCfg = Release|Any CPU
		{F631C389-EECB-41E4-95AE-341C3CBF284F}.Release|Any CPU.Build.0 = Release|Any CPU
	EndGlobalSection
	GlobalSection(SolutionProperties) = preSolution
		HideSolutionNode = FALSE
	EndGlobalSection
	GlobalSection(ExtensibilityGlobals) = postSolution
		SolutionGuid = {9B3B3F19-A009-4ED7-ABBB-26001B044F3C}
	EndGlobalSection
EndGlobal
