
Microsoft Visual Studio Solution File, Format Version 12.00
# Visual Studio Version 17
VisualStudioVersion = 17.8.34309.116
MinimumVisualStudioVersion = 10.0.40219.1
Project("{9A19103F-16F7-4668-BE54-9A1E7A4F7556}") = "OpenHabitTracker", "OpenHabitTracker\OpenHabitTracker.csproj", "{EB300DAE-CC72-4C0D-B93F-8E7719901F3D}"
EndProject
Project("{9A19103F-16F7-4668-BE54-9A1E7A4F7556}") = "OpenHabitTracker.Blazor", "OpenHabitTracker.Blazor\OpenHabitTracker.Blazor.csproj", "{3CF485FC-FF40-438D-829C-2BB55A7646F5}"
EndProject
Project("{9A19103F-16F7-4668-BE54-9A1E7A4F7556}") = "OpenHabitTracker.IndexedDB", "OpenHabitTracker.IndexedDB\OpenHabitTracker.IndexedDB.csproj", "{C1B727AE-C62B-4A93-BE98-3435BEC1025D}"
EndProject
Project("{9A19103F-16F7-4668-BE54-9A1E7A4F7556}") = "OpenHabitTracker.LocalStorage", "OpenHabitTracker.LocalStorage\OpenHabitTracker.LocalStorage.csproj", "{77791CD1-2EDC-45CE-96FC-1ED391568B51}"
EndProject
Project("{9A19103F-16F7-4668-BE54-9A1E7A4F7556}") = "OpenHabitTracker.EntityFrameworkCore", "OpenHabitTracker.EntityFrameworkCore\OpenHabitTracker.EntityFrameworkCore.csproj", "{A166BA91-F664-44CE-A741-EA110FC02258}"
EndProject
Project("{9A19103F-16F7-4668-BE54-9A1E7A4F7556}") = "OpenHabitTracker.Blazor.Wasm", "OpenHabitTracker.Blazor.Wasm\OpenHabitTracker.Blazor.Wasm.csproj", "{40BD5EF3-6A17-49F2-87C3-BA119A51B545}"
EndProject
Project("{9A19103F-16F7-4668-BE54-9A1E7A4F7556}") = "OpenHabitTracker.Blazor.Maui", "OpenHabitTracker.Blazor.Maui\OpenHabitTracker.Blazor.Maui.csproj", "{D0071377-3D33-41EE-A22F-586BDDE64A5E}"
EndProject
Project("{9A19103F-16F7-4668-BE54-9A1E7A4F7556}") = "OpenHabitTracker.Google.Apis", "OpenHabitTracker.Google.Apis\OpenHabitTracker.Google.Apis.csproj", "{F631C389-EECB-41E4-95AE-341C3CBF284F}"
EndProject
Project("{2150E333-8FDC-42A3-9474-1A3956D46DE8}") = "Solution Items", "Solution Items", "{36C1DB59-1758-4659-BA71-5289BD204001}"
	ProjectSection(SolutionItems) = preProject
		DeveloperNotes.md = DeveloperNotes.md
		net.openhabittracker.yaml = net.openhabittracker.yaml
		README.md = README.md
		snapcraft.yaml = snapcraft.yaml
		TODO.md = TODO.md
	EndProjectSection
EndProject
Project("{9A19103F-16F7-4668-BE54-9A1E7A4F7556}") = "OpenHabitTracker.Backup", "OpenHabitTracker.Backup\OpenHabitTracker.Backup.csproj", "{963111F0-2C40-4468-8AC7-211FC9A79BE1}"
EndProject
Project("{9A19103F-16F7-4668-BE54-9A1E7A4F7556}") = "OpenHabitTracker.Blazor.WinForms", "OpenHabitTracker.Blazor.WinForms\OpenHabitTracker.Blazor.WinForms.csproj", "{017266D3-75E1-4D82-B284-1C53C5EF90D4}"
EndProject
Project("{9A19103F-16F7-4668-BE54-9A1E7A4F7556}") = "OpenHabitTracker.Blazor.Wpf", "OpenHabitTracker.Blazor.Wpf\OpenHabitTracker.Blazor.Wpf.csproj", "{7C93A366-D320-414F-BB50-72E35FFA29F0}"
EndProject
Project("{9A19103F-16F7-4668-BE54-9A1E7A4F7556}") = "OpenHabitTracker.Blazor.Photino", "OpenHabitTracker.Blazor.Photino\OpenHabitTracker.Blazor.Photino.csproj", "{48B5D138-3C1B-4325-B821-F915F993D51F}"
EndProject
Project("{9A19103F-16F7-4668-BE54-9A1E7A4F7556}") = "OpenHabitTracker.Blazor.Chromely", "OpenHabitTracker.Blazor.Chromely\OpenHabitTracker.Blazor.Chromely.csproj", "{1BE64410-6A93-462C-AFCE-1805E6E3504E}"
EndProject
Project("{9A19103F-16F7-4668-BE54-9A1E7A4F7556}") = "OpenHabitTracker.Blazor.Wasm.Chromely", "OpenHabitTracker.Blazor.Wasm.Chromely\OpenHabitTracker.Blazor.Wasm.Chromely.csproj", "{3D26A83E-0986-470C-8AC6-33793570B3D1}"
EndProject
Project("{9A19103F-16F7-4668-BE54-9A1E7A4F7556}") = "OpenHabitTracker.Blazor.Electron", "OpenHabitTracker.Blazor.Electron\OpenHabitTracker.Blazor.Electron.csproj", "{9DD10F90-9F79-40A8-B581-6AE14EB3BCC3}"
EndProject
Project("{9A19103F-16F7-4668-BE54-9A1E7A4F7556}") = "OpenHabitTracker.Blazor.Web", "OpenHabitTracker.Blazor.Web\OpenHabitTracker.Blazor.Web.csproj", "{543B00FA-D387-4ECF-96ED-12FA92B15C08}"
EndProject
Global
	GlobalSection(SolutionConfigurationPlatforms) = preSolution
		Debug|Any CPU = Debug|Any CPU
		Release|Any CPU = Release|Any CPU
	EndGlobalSection
	GlobalSection(ProjectConfigurationPlatforms) = postSolution
		{EB300DAE-CC72-4C0D-B93F-8E7719901F3D}.Debug|Any CPU.ActiveCfg = Debug|Any CPU
		{EB300DAE-CC72-4C0D-B93F-8E7719901F3D}.Debug|Any CPU.Build.0 = Debug|Any CPU
		{EB300DAE-CC72-4C0D-B93F-8E7719901F3D}.Release|Any CPU.ActiveCfg = Release|Any CPU
		{EB300DAE-CC72-4C0D-B93F-8E7719901F3D}.Release|Any CPU.Build.0 = Release|Any CPU
		{3CF485FC-FF40-438D-829C-2BB55A7646F5}.Debug|Any CPU.ActiveCfg = Debug|Any CPU
		{3CF485FC-FF40-438D-829C-2BB55A7646F5}.Debug|Any CPU.Build.0 = Debug|Any CPU
		{3CF485FC-FF40-438D-829C-2BB55A7646F5}.Release|Any CPU.ActiveCfg = Release|Any CPU
		{3CF485FC-FF40-438D-829C-2BB55A7646F5}.Release|Any CPU.Build.0 = Release|Any CPU
		{C1B727AE-C62B-4A93-BE98-3435BEC1025D}.Debug|Any CPU.ActiveCfg = Debug|Any CPU
		{C1B727AE-C62B-4A93-BE98-3435BEC1025D}.Debug|Any CPU.Build.0 = Debug|Any CPU
		{C1B727AE-C62B-4A93-BE98-3435BEC1025D}.Release|Any CPU.ActiveCfg = Release|Any CPU
		{C1B727AE-C62B-4A93-BE98-3435BEC1025D}.Release|Any CPU.Build.0 = Release|Any CPU
		{77791CD1-2EDC-45CE-96FC-1ED391568B51}.Debug|Any CPU.ActiveCfg = Debug|Any CPU
		{77791CD1-2EDC-45CE-96FC-1ED391568B51}.Debug|Any CPU.Build.0 = Debug|Any CPU
		{77791CD1-2EDC-45CE-96FC-1ED391568B51}.Release|Any CPU.ActiveCfg = Release|Any CPU
		{77791CD1-2EDC-45CE-96FC-1ED391568B51}.Release|Any CPU.Build.0 = Release|Any CPU
		{A166BA91-F664-44CE-A741-EA110FC02258}.Debug|Any CPU.ActiveCfg = Debug|Any CPU
		{A166BA91-F664-44CE-A741-EA110FC02258}.Debug|Any CPU.Build.0 = Debug|Any CPU
		{A166BA91-F664-44CE-A741-EA110FC02258}.Release|Any CPU.ActiveCfg = Release|Any CPU
		{A166BA91-F664-44CE-A741-EA110FC02258}.Release|Any CPU.Build.0 = Release|Any CPU
		{40BD5EF3-6A17-49F2-87C3-BA119A51B545}.Debug|Any CPU.ActiveCfg = Debug|Any CPU
		{40BD5EF3-6A17-49F2-87C3-BA119A51B545}.Debug|Any CPU.Build.0 = Debug|Any CPU
		{40BD5EF3-6A17-49F2-87C3-BA119A51B545}.Release|Any CPU.ActiveCfg = Release|Any CPU
		{40BD5EF3-6A17-49F2-87C3-BA119A51B545}.Release|Any CPU.Build.0 = Release|Any CPU
		{D0071377-3D33-41EE-A22F-586BDDE64A5E}.Debug|Any CPU.ActiveCfg = Debug|Any CPU
		{D0071377-3D33-41EE-A22F-586BDDE64A5E}.Debug|Any CPU.Build.0 = Debug|Any CPU
		{D0071377-3D33-41EE-A22F-586BDDE64A5E}.Debug|Any CPU.Deploy.0 = Debug|Any CPU
		{D0071377-3D33-41EE-A22F-586BDDE64A5E}.Release|Any CPU.ActiveCfg = Release|Any CPU
		{D0071377-3D33-41EE-A22F-586BDDE64A5E}.Release|Any CPU.Build.0 = Release|Any CPU
		{D0071377-3D33-41EE-A22F-586BDDE64A5E}.Release|Any CPU.Deploy.0 = Release|Any CPU
		{F631C389-EECB-41E4-95AE-341C3CBF284F}.Debug|Any CPU.ActiveCfg = Debug|Any CPU
		{F631C389-EECB-41E4-95AE-341C3CBF284F}.Debug|Any CPU.Build.0 = Debug|Any CPU
		{F631C389-EECB-41E4-95AE-341C3CBF284F}.Release|Any CPU.ActiveCfg = Release|Any CPU
		{F631C389-EECB-41E4-95AE-341C3CBF284F}.Release|Any CPU.Build.0 = Release|Any CPU
		{963111F0-2C40-4468-8AC7-211FC9A79BE1}.Debug|Any CPU.ActiveCfg = Debug|Any CPU
		{963111F0-2C40-4468-8AC7-211FC9A79BE1}.Debug|Any CPU.Build.0 = Debug|Any CPU
		{963111F0-2C40-4468-8AC7-211FC9A79BE1}.Release|Any CPU.ActiveCfg = Release|Any CPU
		{963111F0-2C40-4468-8AC7-211FC9A79BE1}.Release|Any CPU.Build.0 = Release|Any CPU
		{017266D3-75E1-4D82-B284-1C53C5EF90D4}.Debug|Any CPU.ActiveCfg = Debug|Any CPU
		{017266D3-75E1-4D82-B284-1C53C5EF90D4}.Debug|Any CPU.Build.0 = Debug|Any CPU
		{017266D3-75E1-4D82-B284-1C53C5EF90D4}.Release|Any CPU.ActiveCfg = Release|Any CPU
		{017266D3-75E1-4D82-B284-1C53C5EF90D4}.Release|Any CPU.Build.0 = Release|Any CPU
		{7C93A366-D320-414F-BB50-72E35FFA29F0}.Debug|Any CPU.ActiveCfg = Debug|Any CPU
		{7C93A366-D320-414F-BB50-72E35FFA29F0}.Debug|Any CPU.Build.0 = Debug|Any CPU
		{7C93A366-D320-414F-BB50-72E35FFA29F0}.Release|Any CPU.ActiveCfg = Release|Any CPU
		{7C93A366-D320-414F-BB50-72E35FFA29F0}.Release|Any CPU.Build.0 = Release|Any CPU
		{48B5D138-3C1B-4325-B821-F915F993D51F}.Debug|Any CPU.ActiveCfg = Debug|Any CPU
		{48B5D138-3C1B-4325-B821-F915F993D51F}.Debug|Any CPU.Build.0 = Debug|Any CPU
		{48B5D138-3C1B-4325-B821-F915F993D51F}.Release|Any CPU.ActiveCfg = Release|Any CPU
		{48B5D138-3C1B-4325-B821-F915F993D51F}.Release|Any CPU.Build.0 = Release|Any CPU
		{1BE64410-6A93-462C-AFCE-1805E6E3504E}.Debug|Any CPU.ActiveCfg = Debug|Any CPU
		{1BE64410-6A93-462C-AFCE-1805E6E3504E}.Debug|Any CPU.Build.0 = Debug|Any CPU
		{1BE64410-6A93-462C-AFCE-1805E6E3504E}.Release|Any CPU.ActiveCfg = Release|Any CPU
		{1BE64410-6A93-462C-AFCE-1805E6E3504E}.Release|Any CPU.Build.0 = Release|Any CPU
		{3D26A83E-0986-470C-8AC6-33793570B3D1}.Debug|Any CPU.ActiveCfg = Debug|Any CPU
		{3D26A83E-0986-470C-8AC6-33793570B3D1}.Debug|Any CPU.Build.0 = Debug|Any CPU
		{3D26A83E-0986-470C-8AC6-33793570B3D1}.Release|Any CPU.ActiveCfg = Release|Any CPU
		{3D26A83E-0986-470C-8AC6-33793570B3D1}.Release|Any CPU.Build.0 = Release|Any CPU
		{9DD10F90-9F79-40A8-B581-6AE14EB3BCC3}.Debug|Any CPU.ActiveCfg = Debug|Any CPU
		{9DD10F90-9F79-40A8-B581-6AE14EB3BCC3}.Debug|Any CPU.Build.0 = Debug|Any CPU
		{9DD10F90-9F79-40A8-B581-6AE14EB3BCC3}.Release|Any CPU.ActiveCfg = Release|Any CPU
		{9DD10F90-9F79-40A8-B581-6AE14EB3BCC3}.Release|Any CPU.Build.0 = Release|Any CPU
		{543B00FA-D387-4ECF-96ED-12FA92B15C08}.Debug|Any CPU.ActiveCfg = Debug|Any CPU
		{543B00FA-D387-4ECF-96ED-12FA92B15C08}.Debug|Any CPU.Build.0 = Debug|Any CPU
		{543B00FA-D387-4ECF-96ED-12FA92B15C08}.Release|Any CPU.ActiveCfg = Release|Any CPU
		{543B00FA-D387-4ECF-96ED-12FA92B15C08}.Release|Any CPU.Build.0 = Release|Any CPU
	EndGlobalSection
	GlobalSection(SolutionProperties) = preSolution
		HideSolutionNode = FALSE
	EndGlobalSection
	GlobalSection(ExtensibilityGlobals) = postSolution
		SolutionGuid = {9B3B3F19-A009-4ED7-ABBB-26001B044F3C}
	EndGlobalSection
EndGlobal
