
Microsoft Visual Studio Solution File, Format Version 12.00
# Visual Studio Version 17
VisualStudioVersion = 17.8.34309.116
MinimumVisualStudioVersion = 10.0.40219.1
Project("{9A19103F-16F7-4668-BE54-9A1E7A4F7556}") = "OpenHabitTracker", "OpenHabitTracker\OpenHabitTracker.csproj", "{EB300DAE-CC72-4C0D-B93F-8E7719901F3D}"
EndProject
Project("{9A19103F-16F7-4668-BE54-9A1E7A4F7556}") = "OpenHabitTracker.Blazor", "OpenHabitTracker.Blazor\OpenHabitTracker.Blazor.csproj", "{3CF485FC-FF40-438D-829C-2BB55A7646F5}"
EndProject
Project("{9A19103F-16F7-4668-BE54-9A1E7A4F7556}") = "OpenHabitTracker.IndexedDB", "OpenHabitTracker.IndexedDB\OpenHabitTracker.IndexedDB.csproj", "{C1B727AE-C62B-4A93-BE98-3435BEC1025D}"
EndProject
Project("{9A19103F-16F7-4668-BE54-9A1E7A4F7556}") = "OpenHabitTracker.EntityFrameworkCore", "OpenHabitTracker.EntityFrameworkCore\OpenHabitTracker.EntityFrameworkCore.csproj", "{A166BA91-F664-44CE-A741-EA110FC02258}"
EndProject
Project("{9A19103F-16F7-4668-BE54-9A1E7A4F7556}") = "OpenHabitTracker.Blazor.Wasm", "OpenHabitTracker.Blazor.Wasm\OpenHabitTracker.Blazor.Wasm.csproj", "{40BD5EF3-6A17-49F2-87C3-BA119A51B545}"
EndProject
Project("{9A19103F-16F7-4668-BE54-9A1E7A4F7556}") = "OpenHabitTracker.Blazor.Maui", "OpenHabitTracker.Blazor.Maui\OpenHabitTracker.Blazor.Maui.csproj", "{D0071377-3D33-41EE-A22F-586BDDE64A5E}"
EndProject
Project("{9A19103F-16F7-4668-BE54-9A1E7A4F7556}") = "OpenHabitTracker.CloudStorage", "OpenHabitTracker.CloudStorage\OpenHabitTracker.CloudStorage.csproj", "{F631C389-EECB-41E4-95AE-341C3CBF284F}"
EndProject
Project("{9A19103F-16F7-4668-BE54-9A1E7A4F7556}") = "OpenHabitTracker.Backup", "OpenHabitTracker.Backup\OpenHabitTracker.Backup.csproj", "{963111F0-2C40-4468-8AC7-211FC9A79BE1}"
EndProject
Project("{9A19103F-16F7-4668-BE54-9A1E7A4F7556}") = "OpenHabitTracker.Blazor.WinForms", "OpenHabitTracker.Blazor.WinForms\OpenHabitTracker.Blazor.WinForms.csproj", "{017266D3-75E1-4D82-B284-1C53C5EF90D4}"
EndProject
Project("{9A19103F-16F7-4668-BE54-9A1E7A4F7556}") = "OpenHabitTracker.Blazor.Wpf", "OpenHabitTracker.Blazor.Wpf\OpenHabitTracker.Blazor.Wpf.csproj", "{7C93A366-D320-414F-BB50-72E35FFA29F0}"
EndProject
Project("{9A19103F-16F7-4668-BE54-9A1E7A4F7556}") = "OpenHabitTracker.Blazor.Photino", "OpenHabitTracker.Blazor.Photino\OpenHabitTracker.Blazor.Photino.csproj", "{48B5D138-3C1B-4325-B821-F915F993D51F}"
EndProject
Project("{9A19103F-16F7-4668-BE54-9A1E7A4F7556}") = "OpenHabitTracker.Blazor.Web", "OpenHabitTracker.Blazor.Web\OpenHabitTracker.Blazor.Web.csproj", "{543B00FA-D387-4ECF-96ED-12FA92B15C08}"
EndProject
Project("{FAE04EC0-301F-11D3-BF4B-00C04F79EFBC}") = "OpenHabitTracker.Blazor.Web.ApiClient", "OpenHabitTracker.Blazor.Web.ApiClient\OpenHabitTracker.Blazor.Web.ApiClient.csproj", "{26FA03FF-5179-4A8A-A3A3-818444E3CCB9}"
EndProject
Project("{2150E333-8FDC-42A3-9474-1A3956D46DE8}") = "Solution Items", "Solution Items", "{36C1DB59-1758-4659-BA71-5289BD204001}"
	ProjectSection(SolutionItems) = preProject
		DeveloperNotes.md = DeveloperNotes.md
		README.md = README.md
		TODO.md = TODO.md
		VersionHistory.md = VersionHistory.md
	EndProjectSection
EndProject
Project("{2150E333-8FDC-42A3-9474-1A3956D46DE8}") = "Flatpak", "Flatpak", "{8943E2D6-D7D6-4464-931F-597B31B88C2F}"
	ProjectSection(SolutionItems) = preProject
		net.openhabittracker.OpenHabitTracker.desktop = net.openhabittracker.OpenHabitTracker.desktop
		net.openhabittracker.OpenHabitTracker.metainfo.xml = net.openhabittracker.OpenHabitTracker.metainfo.xml
		net.openhabittracker.OpenHabitTracker.svg = net.openhabittracker.OpenHabitTracker.svg
		net.openhabittracker.OpenHabitTracker.yaml = net.openhabittracker.OpenHabitTracker.yaml
	EndProjectSection
EndProject
Project("{2150E333-8FDC-42A3-9474-1A3956D46DE8}") = "Snapcraft", "Snapcraft", "{FA422313-5029-43B3-83AD-DA5187D0F1FD}"
	ProjectSection(SolutionItems) = preProject
		snapcraft.yaml = snapcraft.yaml
	EndProjectSection
EndProject
Project("{2150E333-8FDC-42A3-9474-1A3956D46DE8}") = "Docker", "Docker", "{2F23665A-8B87-4DF2-B8B4-1CD486C5B613}"
	ProjectSection(SolutionItems) = preProject
		.dockerignore = .dockerignore
		.env = .env
		docker-compose.yml = docker-compose.yml
		Dockerfile = Dockerfile
	EndProjectSection
EndProject
Project("{FAE04EC0-301F-11D3-BF4B-00C04F79EFBC}") = "OpenHabitTracker.Blazor.Auth", "OpenHabitTracker.Blazor.Auth\OpenHabitTracker.Blazor.Auth.csproj", "{265DBE08-DBDF-4825-ACD9-5DFAD407448F}"
EndProject
Global
	GlobalSection(SolutionConfigurationPlatforms) = preSolution
		Debug|Any CPU = Debug|Any CPU
		Release|Any CPU = Release|Any CPU
	EndGlobalSection
	GlobalSection(ProjectConfigurationPlatforms) = postSolution
		{EB300DAE-CC72-4C0D-B93F-8E7719901F3D}.Debug|Any CPU.ActiveCfg = Debug|Any CPU
		{EB300DAE-CC72-4C0D-B93F-8E7719901F3D}.Debug|Any CPU.Build.0 = Debug|Any CPU
		{EB300DAE-CC72-4C0D-B93F-8E7719901F3D}.Release|Any CPU.ActiveCfg = Release|Any CPU
		{EB300DAE-CC72-4C0D-B93F-8E7719901F3D}.Release|Any CPU.Build.0 = Release|Any CPU
		{3CF485FC-FF40-438D-829C-2BB55A7646F5}.Debug|Any CPU.ActiveCfg = Debug|Any CPU
		{3CF485FC-FF40-438D-829C-2BB55A7646F5}.Debug|Any CPU.Build.0 = Debug|Any CPU
		{3CF485FC-FF40-438D-829C-2BB55A7646F5}.Release|Any CPU.ActiveCfg = Release|Any CPU
		{3CF485FC-FF40-438D-829C-2BB55A7646F5}.Release|Any CPU.Build.0 = Release|Any CPU
		{C1B727AE-C62B-4A93-BE98-3435BEC1025D}.Debug|Any CPU.ActiveCfg = Debug|Any CPU
		{C1B727AE-C62B-4A93-BE98-3435BEC1025D}.Debug|Any CPU.Build.0 = Debug|Any CPU
		{C1B727AE-C62B-4A93-BE98-3435BEC1025D}.Release|Any CPU.ActiveCfg = Release|Any CPU
		{C1B727AE-C62B-4A93-BE98-3435BEC1025D}.Release|Any CPU.Build.0 = Release|Any CPU
		{A166BA91-F664-44CE-A741-EA110FC02258}.Debug|Any CPU.ActiveCfg = Debug|Any CPU
		{A166BA91-F664-44CE-A741-EA110FC02258}.Debug|Any CPU.Build.0 = Debug|Any CPU
		{A166BA91-F664-44CE-A741-EA110FC02258}.Release|Any CPU.ActiveCfg = Release|Any CPU
		{A166BA91-F664-44CE-A741-EA110FC02258}.Release|Any CPU.Build.0 = Release|Any CPU
		{40BD5EF3-6A17-49F2-87C3-BA119A51B545}.Debug|Any CPU.ActiveCfg = Debug|Any CPU
		{40BD5EF3-6A17-49F2-87C3-BA119A51B545}.Debug|Any CPU.Build.0 = Debug|Any CPU
		{40BD5EF3-6A17-49F2-87C3-BA119A51B545}.Release|Any CPU.ActiveCfg = Release|Any CPU
		{40BD5EF3-6A17-49F2-87C3-BA119A51B545}.Release|Any CPU.Build.0 = Release|Any CPU
		{D0071377-3D33-41EE-A22F-586BDDE64A5E}.Debug|Any CPU.ActiveCfg = Debug|Any CPU
		{D0071377-3D33-41EE-A22F-586BDDE64A5E}.Debug|Any CPU.Build.0 = Debug|Any CPU
		{D0071377-3D33-41EE-A22F-586BDDE64A5E}.Debug|Any CPU.Deploy.0 = Debug|Any CPU
		{D0071377-3D33-41EE-A22F-586BDDE64A5E}.Release|Any CPU.ActiveCfg = Release|Any CPU
		{D0071377-3D33-41EE-A22F-586BDDE64A5E}.Release|Any CPU.Build.0 = Release|Any CPU
		{D0071377-3D33-41EE-A22F-586BDDE64A5E}.Release|Any CPU.Deploy.0 = Release|Any CPU
		{F631C389-EECB-41E4-95AE-341C3CBF284F}.Debug|Any CPU.ActiveCfg = Debug|Any CPU
		{F631C389-EECB-41E4-95AE-341C3CBF284F}.Debug|Any CPU.Build.0 = Debug|Any CPU
		{F631C389-EECB-41E4-95AE-341C3CBF284F}.Release|Any CPU.ActiveCfg = Release|Any CPU
		{F631C389-EECB-41E4-95AE-341C3CBF284F}.Release|Any CPU.Build.0 = Release|Any CPU
		{963111F0-2C40-4468-8AC7-211FC9A79BE1}.Debug|Any CPU.ActiveCfg = Debug|Any CPU
		{963111F0-2C40-4468-8AC7-211FC9A79BE1}.Debug|Any CPU.Build.0 = Debug|Any CPU
		{963111F0-2C40-4468-8AC7-211FC9A79BE1}.Release|Any CPU.ActiveCfg = Release|Any CPU
		{963111F0-2C40-4468-8AC7-211FC9A79BE1}.Release|Any CPU.Build.0 = Release|Any CPU
		{017266D3-75E1-4D82-B284-1C53C5EF90D4}.Debug|Any CPU.ActiveCfg = Debug|Any CPU
		{017266D3-75E1-4D82-B284-1C53C5EF90D4}.Debug|Any CPU.Build.0 = Debug|Any CPU
		{017266D3-75E1-4D82-B284-1C53C5EF90D4}.Release|Any CPU.ActiveCfg = Release|Any CPU
		{017266D3-75E1-4D82-B284-1C53C5EF90D4}.Release|Any CPU.Build.0 = Release|Any CPU
		{7C93A366-D320-414F-BB50-72E35FFA29F0}.Debug|Any CPU.ActiveCfg = Debug|Any CPU
		{7C93A366-D320-414F-BB50-72E35FFA29F0}.Debug|Any CPU.Build.0 = Debug|Any CPU
		{7C93A366-D320-414F-BB50-72E35FFA29F0}.Release|Any CPU.ActiveCfg = Release|Any CPU
		{7C93A366-D320-414F-BB50-72E35FFA29F0}.Release|Any CPU.Build.0 = Release|Any CPU
		{48B5D138-3C1B-4325-B821-F915F993D51F}.Debug|Any CPU.ActiveCfg = Debug|Any CPU
		{48B5D138-3C1B-4325-B821-F915F993D51F}.Debug|Any CPU.Build.0 = Debug|Any CPU
		{48B5D138-3C1B-4325-B821-F915F993D51F}.Release|Any CPU.ActiveCfg = Release|Any CPU
		{48B5D138-3C1B-4325-B821-F915F993D51F}.Release|Any CPU.Build.0 = Release|Any CPU
		{543B00FA-D387-4ECF-96ED-12FA92B15C08}.Debug|Any CPU.ActiveCfg = Debug|Any CPU
		{543B00FA-D387-4ECF-96ED-12FA92B15C08}.Debug|Any CPU.Build.0 = Debug|Any CPU
		{543B00FA-D387-4ECF-96ED-12FA92B15C08}.Release|Any CPU.ActiveCfg = Release|Any CPU
		{543B00FA-D387-4ECF-96ED-12FA92B15C08}.Release|Any CPU.Build.0 = Release|Any CPU
		{26FA03FF-5179-4A8A-A3A3-818444E3CCB9}.Debug|Any CPU.ActiveCfg = Debug|Any CPU
		{26FA03FF-5179-4A8A-A3A3-818444E3CCB9}.Debug|Any CPU.Build.0 = Debug|Any CPU
		{26FA03FF-5179-4A8A-A3A3-818444E3CCB9}.Release|Any CPU.ActiveCfg = Release|Any CPU
		{26FA03FF-5179-4A8A-A3A3-818444E3CCB9}.Release|Any CPU.Build.0 = Release|Any CPU
		{265DBE08-DBDF-4825-ACD9-5DFAD407448F}.Debug|Any CPU.ActiveCfg = Debug|Any CPU
		{265DBE08-DBDF-4825-ACD9-5DFAD407448F}.Debug|Any CPU.Build.0 = Debug|Any CPU
		{265DBE08-DBDF-4825-ACD9-5DFAD407448F}.Release|Any CPU.ActiveCfg = Release|Any CPU
		{265DBE08-DBDF-4825-ACD9-5DFAD407448F}.Release|Any CPU.Build.0 = Release|Any CPU
	EndGlobalSection
	GlobalSection(SolutionProperties) = preSolution
		HideSolutionNode = FALSE
	EndGlobalSection
	GlobalSection(NestedProjects) = preSolution
		{8943E2D6-D7D6-4464-931F-597B31B88C2F} = {36C1DB59-1758-4659-BA71-5289BD204001}
		{FA422313-5029-43B3-83AD-DA5187D0F1FD} = {36C1DB59-1758-4659-BA71-5289BD204001}
		{2F23665A-8B87-4DF2-B8B4-1CD486C5B613} = {36C1DB59-1758-4659-BA71-5289BD204001}
	EndGlobalSection
	GlobalSection(ExtensibilityGlobals) = postSolution
		SolutionGuid = {9B3B3F19-A009-4ED7-ABBB-26001B044F3C}
	EndGlobalSection
EndGlobal
